
Microsoft Visual Studio Solution File, Format Version 12.00
# Visual Studio Version 16
VisualStudioVersion = 25.0.1700.6
MinimumVisualStudioVersion = 10.0.40219.1
Project("{FAE04EC0-301F-11D3-BF4B-00C04F79EFBC}") = "Project1API.API", "Project1API.API\Project1API.API.csproj", "{A656F1DB-E89D-487B-9E02-8A451F6D9520}"
EndProject
Project("{FAE04EC0-301F-11D3-BF4B-00C04F79EFBC}") = "Project1API.Data", "Project1API.Data\Project1API.Data.csproj", "{2E785EE9-3BD4-41D3-B4D9-3C7ECC6200B0}"
EndProject
Project("{FAE04EC0-301F-11D3-BF4B-00C04F79EFBC}") = "Project1API.Model", "Project1API.Model\Project1API.Model.csproj", "{6C9F47B2-23CF-4B11-A5F2-6C76262AC3A1}"
EndProject
Global
	GlobalSection(SolutionConfigurationPlatforms) = preSolution
		Debug|Any CPU = Debug|Any CPU
		Release|Any CPU = Release|Any CPU
	EndGlobalSection
	GlobalSection(ProjectConfigurationPlatforms) = postSolution
		{A656F1DB-E89D-487B-9E02-8A451F6D9520}.Debug|Any CPU.ActiveCfg = Debug|Any CPU
		{A656F1DB-E89D-487B-9E02-8A451F6D9520}.Debug|Any CPU.Build.0 = Debug|Any CPU
		{A656F1DB-E89D-487B-9E02-8A451F6D9520}.Release|Any CPU.ActiveCfg = Release|Any CPU
		{A656F1DB-E89D-487B-9E02-8A451F6D9520}.Release|Any CPU.Build.0 = Release|Any CPU
		{2E785EE9-3BD4-41D3-B4D9-3C7ECC6200B0}.Debug|Any CPU.ActiveCfg = Debug|Any CPU
		{2E785EE9-3BD4-41D3-B4D9-3C7ECC6200B0}.Debug|Any CPU.Build.0 = Debug|Any CPU
		{2E785EE9-3BD4-41D3-B4D9-3C7ECC6200B0}.Release|Any CPU.ActiveCfg = Release|Any CPU
		{2E785EE9-3BD4-41D3-B4D9-3C7ECC6200B0}.Release|Any CPU.Build.0 = Release|Any CPU
		{6C9F47B2-23CF-4B11-A5F2-6C76262AC3A1}.Debug|Any CPU.ActiveCfg = Debug|Any CPU
		{6C9F47B2-23CF-4B11-A5F2-6C76262AC3A1}.Debug|Any CPU.Build.0 = Debug|Any CPU
		{6C9F47B2-23CF-4B11-A5F2-6C76262AC3A1}.Release|Any CPU.ActiveCfg = Release|Any CPU
		{6C9F47B2-23CF-4B11-A5F2-6C76262AC3A1}.Release|Any CPU.Build.0 = Release|Any CPU
	EndGlobalSection
	GlobalSection(SolutionProperties) = preSolution
		HideSolutionNode = FALSE
	EndGlobalSection
	GlobalSection(ExtensibilityGlobals) = postSolution
		SolutionGuid = {EE1E919E-6CDA-4B7F-97CC-230B4FB20858}
	EndGlobalSection
EndGlobal
